
Microsoft Visual Studio Solution File, Format Version 12.00
Project("{FAE04EC0-301F-11D3-BF4B-00C04F79EFBC}") = "EntityAudit", "EntityAudit\EntityAudit.csproj", "{19335B34-39F0-4498-8475-517D880D92EF}"
EndProject
Global
	GlobalSection(SolutionConfigurationPlatforms) = preSolution
		Debug|Any CPU = Debug|Any CPU
		Release|Any CPU = Release|Any CPU
	EndGlobalSection
	GlobalSection(ProjectConfigurationPlatforms) = postSolution
		{19335B34-39F0-4498-8475-517D880D92EF}.Debug|Any CPU.ActiveCfg = Debug|Any CPU
		{19335B34-39F0-4498-8475-517D880D92EF}.Debug|Any CPU.Build.0 = Debug|Any CPU
		{19335B34-39F0-4498-8475-517D880D92EF}.Release|Any CPU.ActiveCfg = Release|Any CPU
		{19335B34-39F0-4498-8475-517D880D92EF}.Release|Any CPU.Build.0 = Release|Any CPU
	EndGlobalSection
EndGlobal
